
Microsoft Visual Studio Solution File, Format Version 12.00
# Visual Studio Version 17
VisualStudioVersion = 17.10.35013.160
MinimumVisualStudioVersion = 10.0.40219.1
Project("{FAE04EC0-301F-11D3-BF4B-00C04F79EFBC}") = "KuyruklamaProje", "KuyruklamaProje\KuyruklamaProje.csproj", "{863345B0-09B3-4168-B0C8-16B56128340C}"
EndProject
Global
	GlobalSection(SolutionConfigurationPlatforms) = preSolution
		Debug|Any CPU = Debug|Any CPU
		Release|Any CPU = Release|Any CPU
	EndGlobalSection
	GlobalSection(ProjectConfigurationPlatforms) = postSolution
		{863345B0-09B3-4168-B0C8-16B56128340C}.Debug|Any CPU.ActiveCfg = Debug|Any CPU
		{863345B0-09B3-4168-B0C8-16B56128340C}.Debug|Any CPU.Build.0 = Debug|Any CPU
		{863345B0-09B3-4168-B0C8-16B56128340C}.Release|Any CPU.ActiveCfg = Release|Any CPU
		{863345B0-09B3-4168-B0C8-16B56128340C}.Release|Any CPU.Build.0 = Release|Any CPU
	EndGlobalSection
	GlobalSection(SolutionProperties) = preSolution
		HideSolutionNode = FALSE
	EndGlobalSection
	GlobalSection(ExtensibilityGlobals) = postSolution
		SolutionGuid = {10B1EA9E-DF8D-4065-ABF6-3C6C3A7BC6EC}
	EndGlobalSection
EndGlobal
